
Microsoft Visual Studio Solution File, Format Version 12.00
# Visual Studio Version 17
VisualStudioVersion = 17.9.34622.214
MinimumVisualStudioVersion = 10.0.40219.1
Project("{9A19103F-16F7-4668-BE54-9A1E7A4F7556}") = "AutoMarkingTestWPF", "AutoMarkingTestWPF\AutoMarkingTestWPF.csproj", "{446B1900-B314-4DFF-A078-77DEB238B8AF}"
EndProject
Project("{9A19103F-16F7-4668-BE54-9A1E7A4F7556}") = "AutoMarkingLib", "AutoMarkingLib\AutoMarkingLib.csproj", "{598A13B2-415B-4414-9957-523BFBD94184}"
EndProject
Global
	GlobalSection(SolutionConfigurationPlatforms) = preSolution
		Debug|Any CPU = Debug|Any CPU
		Debug|x64 = Debug|x64
		Release|Any CPU = Release|Any CPU
		Release|x64 = Release|x64
	EndGlobalSection
	GlobalSection(ProjectConfigurationPlatforms) = postSolution
		{446B1900-B314-4DFF-A078-77DEB238B8AF}.Debug|Any CPU.ActiveCfg = Debug|Any CPU
		{446B1900-B314-4DFF-A078-77DEB238B8AF}.Debug|Any CPU.Build.0 = Debug|Any CPU
		{446B1900-B314-4DFF-A078-77DEB238B8AF}.Debug|x64.ActiveCfg = Debug|Any CPU
		{446B1900-B314-4DFF-A078-77DEB238B8AF}.Debug|x64.Build.0 = Debug|Any CPU
		{446B1900-B314-4DFF-A078-77DEB238B8AF}.Release|Any CPU.ActiveCfg = Release|Any CPU
		{446B1900-B314-4DFF-A078-77DEB238B8AF}.Release|Any CPU.Build.0 = Release|Any CPU
		{446B1900-B314-4DFF-A078-77DEB238B8AF}.Release|x64.ActiveCfg = Release|Any CPU
		{446B1900-B314-4DFF-A078-77DEB238B8AF}.Release|x64.Build.0 = Release|Any CPU
		{598A13B2-415B-4414-9957-523BFBD94184}.Debug|Any CPU.ActiveCfg = Debug|Any CPU
		{598A13B2-415B-4414-9957-523BFBD94184}.Debug|Any CPU.Build.0 = Debug|Any CPU
		{598A13B2-415B-4414-9957-523BFBD94184}.Debug|x64.ActiveCfg = Debug|x64
		{598A13B2-415B-4414-9957-523BFBD94184}.Debug|x64.Build.0 = Debug|x64
		{598A13B2-415B-4414-9957-523BFBD94184}.Release|Any CPU.ActiveCfg = Release|Any CPU
		{598A13B2-415B-4414-9957-523BFBD94184}.Release|Any CPU.Build.0 = Release|Any CPU
		{598A13B2-415B-4414-9957-523BFBD94184}.Release|x64.ActiveCfg = Release|x64
		{598A13B2-415B-4414-9957-523BFBD94184}.Release|x64.Build.0 = Release|x64
	EndGlobalSection
	GlobalSection(SolutionProperties) = preSolution
		HideSolutionNode = FALSE
	EndGlobalSection
	GlobalSection(ExtensibilityGlobals) = postSolution
		SolutionGuid = {6422198F-3C6F-427F-98BE-FD553D65054F}
	EndGlobalSection
EndGlobal
