
Microsoft Visual Studio Solution File, Format Version 12.00
# Visual Studio Version 17
VisualStudioVersion = 17.9.34723.18
MinimumVisualStudioVersion = 10.0.40219.1
Project("{9A19103F-16F7-4668-BE54-9A1E7A4F7556}") = "WPF_New", "WPF_New\WPF_New.csproj", "{B6757B23-70B6-4B1C-ACB0-3C6852CE29AE}"
EndProject
Project("{FAE04EC0-301F-11D3-BF4B-00C04F79EFBC}") = "WPF_New.Markup", "WPF_New.Markup\WPF_New.Markup.csproj", "{8875E3E6-FDC0-4C0D-A77F-66E837233A89}"
EndProject
Global
	GlobalSection(SolutionConfigurationPlatforms) = preSolution
		Debug|Any CPU = Debug|Any CPU
		Release|Any CPU = Release|Any CPU
	EndGlobalSection
	GlobalSection(ProjectConfigurationPlatforms) = postSolution
		{B6757B23-70B6-4B1C-ACB0-3C6852CE29AE}.Debug|Any CPU.ActiveCfg = Debug|Any CPU
		{B6757B23-70B6-4B1C-ACB0-3C6852CE29AE}.Debug|Any CPU.Build.0 = Debug|Any CPU
		{B6757B23-70B6-4B1C-ACB0-3C6852CE29AE}.Release|Any CPU.ActiveCfg = Release|Any CPU
		{B6757B23-70B6-4B1C-ACB0-3C6852CE29AE}.Release|Any CPU.Build.0 = Release|Any CPU
		{8875E3E6-FDC0-4C0D-A77F-66E837233A89}.Debug|Any CPU.ActiveCfg = Debug|Any CPU
		{8875E3E6-FDC0-4C0D-A77F-66E837233A89}.Debug|Any CPU.Build.0 = Debug|Any CPU
		{8875E3E6-FDC0-4C0D-A77F-66E837233A89}.Release|Any CPU.ActiveCfg = Release|Any CPU
		{8875E3E6-FDC0-4C0D-A77F-66E837233A89}.Release|Any CPU.Build.0 = Release|Any CPU
	EndGlobalSection
	GlobalSection(SolutionProperties) = preSolution
		HideSolutionNode = FALSE
	EndGlobalSection
	GlobalSection(ExtensibilityGlobals) = postSolution
		SolutionGuid = {32DD4E65-25EF-447A-9A17-3A676AD1C7C3}
	EndGlobalSection
EndGlobal
